
Microsoft Visual Studio Solution File, Format Version 12.00
# Visual Studio Version 16
VisualStudioVersion = 16.0.31613.86
MinimumVisualStudioVersion = 10.0.40219.1
Project("{8BC9CEB8-8B4A-11D0-8D11-00A0C91BC942}") = "strandtest", "..\..\..\OneDrive\Documents\Arduino\My Examples\strandtest\strandtest.vcxproj", "{8423C1F7-D27A-4C19-8563-EDA8437FB880}"
EndProject
Project("{8BC9CEB8-8B4A-11D0-8D11-00A0C91BC942}") = "Main", "Main.vcxproj", "{C5F80730-F44F-4478-BDAE-6634EFC2CA88}"
EndProject
Global
	GlobalSection(SolutionConfigurationPlatforms) = preSolution
		Debug|x86 = Debug|x86
		Release|x86 = Release|x86
	EndGlobalSection
	GlobalSection(ProjectConfigurationPlatforms) = postSolution
		{8423C1F7-D27A-4C19-8563-EDA8437FB880}.Debug|x86.ActiveCfg = Debug|Win32
		{8423C1F7-D27A-4C19-8563-EDA8437FB880}.Debug|x86.Build.0 = Debug|Win32
		{8423C1F7-D27A-4C19-8563-EDA8437FB880}.Release|x86.ActiveCfg = Release|Win32
		{8423C1F7-D27A-4C19-8563-EDA8437FB880}.Release|x86.Build.0 = Release|Win32
		{C5F80730-F44F-4478-BDAE-6634EFC2CA88}.Debug|x86.ActiveCfg = Debug|Win32
		{C5F80730-F44F-4478-BDAE-6634EFC2CA88}.Debug|x86.Build.0 = Debug|Win32
		{C5F80730-F44F-4478-BDAE-6634EFC2CA88}.Release|x86.ActiveCfg = Release|Win32
		{C5F80730-F44F-4478-BDAE-6634EFC2CA88}.Release|x86.Build.0 = Release|Win32
	EndGlobalSection
	GlobalSection(SolutionProperties) = preSolution
		HideSolutionNode = FALSE
	EndGlobalSection
	GlobalSection(ExtensibilityGlobals) = postSolution
		SolutionGuid = {32D3633F-01B2-4097-AFEE-B07435515223}
	EndGlobalSection
EndGlobal
